// !$*UTF8*$!
{
	archiveVersion = 1;
	classes = {
	};
	objectVersion = 46;
	objects = {

/* Begin PBXBuildFile section */
		33871EB01EC2DD9D00A884AA /* AppDelegate.swift in Sources */ = {isa = PBXBuildFile; fileRef = 33871EAF1EC2DD9D00A884AA /* AppDelegate.swift */; };
		33871EB41EC2DD9D00A884AA /* Actions.sks in Resources */ = {isa = PBXBuildFile; fileRef = 33871EB31EC2DD9D00A884AA /* Actions.sks */; };
		33871EB61EC2DD9D00A884AA /* GameScene.swift in Sources */ = {isa = PBXBuildFile; fileRef = 33871EB51EC2DD9D00A884AA /* GameScene.swift */; };
		33871EB81EC2DD9D00A884AA /* GameViewController.swift in Sources */ = {isa = PBXBuildFile; fileRef = 33871EB71EC2DD9D00A884AA /* GameViewController.swift */; };
		33871EBB1EC2DD9D00A884AA /* Main.storyboard in Resources */ = {isa = PBXBuildFile; fileRef = 33871EB91EC2DD9D00A884AA /* Main.storyboard */; };
		33871EBD1EC2DD9D00A884AA /* Assets.xcassets in Resources */ = {isa = PBXBuildFile; fileRef = 33871EBC1EC2DD9D00A884AA /* Assets.xcassets */; };
		33871EC01EC2DD9D00A884AA /* LaunchScreen.storyboard in Resources */ = {isa = PBXBuildFile; fileRef = 33871EBE1EC2DD9D00A884AA /* LaunchScreen.storyboard */; };
		33871ECB1EC2DD9D00A884AA /* TetrisTests.swift in Sources */ = {isa = PBXBuildFile; fileRef = 33871ECA1EC2DD9D00A884AA /* TetrisTests.swift */; };
		33871EDB1EC2ECD000A884AA /* bomb.mp3 in Resources */ = {isa = PBXBuildFile; fileRef = 33871ED61EC2ECD000A884AA /* bomb.mp3 */; };
		33871EDC1EC2ECD000A884AA /* drop.mp3 in Resources */ = {isa = PBXBuildFile; fileRef = 33871ED71EC2ECD000A884AA /* drop.mp3 */; };
		33871EDD1EC2ECD000A884AA /* gameover.mp3 in Resources */ = {isa = PBXBuildFile; fileRef = 33871ED81EC2ECD000A884AA /* gameover.mp3 */; };
		33871EDE1EC2ECD000A884AA /* levelup.mp3 in Resources */ = {isa = PBXBuildFile; fileRef = 33871ED91EC2ECD000A884AA /* levelup.mp3 */; };
		33871EDF1EC2ECD000A884AA /* theme.mp3 in Resources */ = {isa = PBXBuildFile; fileRef = 33871EDA1EC2ECD000A884AA /* theme.mp3 */; };
		33871EE31EC2EE8100A884AA /* Sprites.atlas in Resources */ = {isa = PBXBuildFile; fileRef = 33871EE21EC2EE8100A884AA /* Sprites.atlas */; };
		33871EE51EC3581600A884AA /* Array2D.swift in Sources */ = {isa = PBXBuildFile; fileRef = 33871EE41EC3581600A884AA /* Array2D.swift */; };
		33871EE71EC3FE7F00A884AA /* Block.swift in Sources */ = {isa = PBXBuildFile; fileRef = 33871EE61EC3FE7F00A884AA /* Block.swift */; };
		33871EE91EC40C3D00A884AA /* Shape.swift in Sources */ = {isa = PBXBuildFile; fileRef = 33871EE81EC40C3D00A884AA /* Shape.swift */; };
		33871EEB1EC440A300A884AA /* SquareShape.swift in Sources */ = {isa = PBXBuildFile; fileRef = 33871EEA1EC440A300A884AA /* SquareShape.swift */; };
		33871EED1EC44D4200A884AA /* TShape.swift in Sources */ = {isa = PBXBuildFile; fileRef = 33871EEC1EC44D4200A884AA /* TShape.swift */; };
		33871EEF1EC4567600A884AA /* LineShape.swift in Sources */ = {isa = PBXBuildFile; fileRef = 33871EEE1EC4567600A884AA /* LineShape.swift */; };
		33871EF11EC459D900A884AA /* LShape.swift in Sources */ = {isa = PBXBuildFile; fileRef = 33871EF01EC459D900A884AA /* LShape.swift */; };
		33871EF31EC45DA600A884AA /* JShape.swift in Sources */ = {isa = PBXBuildFile; fileRef = 33871EF21EC45DA600A884AA /* JShape.swift */; };
		33871EF51EC4613A00A884AA /* ZShape.swift in Sources */ = {isa = PBXBuildFile; fileRef = 33871EF41EC4613A00A884AA /* ZShape.swift */; };
		33871EF71EC4616800A884AA /* SShape.swift in Sources */ = {isa = PBXBuildFile; fileRef = 33871EF61EC4616800A884AA /* SShape.swift */; };
		33871EF91EC4B1E600A884AA /* Swiftris.swift in Sources */ = {isa = PBXBuildFile; fileRef = 33871EF81EC4B1E600A884AA /* Swiftris.swift */; };
/* End PBXBuildFile section */

/* Begin PBXContainerItemProxy section */
		33871EC71EC2DD9D00A884AA /* PBXContainerItemProxy */ = {
			isa = PBXContainerItemProxy;
			containerPortal = 33871EA41EC2DD9D00A884AA /* Project object */;
			proxyType = 1;
			remoteGlobalIDString = 33871EAB1EC2DD9D00A884AA;
			remoteInfo = Tetris;
		};
/* End PBXContainerItemProxy section */

/* Begin PBXFileReference section */
		33871EAC1EC2DD9D00A884AA /* Tetris.app */ = {isa = PBXFileReference; explicitFileType = wrapper.application; includeInIndex = 0; path = Tetris.app; sourceTree = BUILT_PRODUCTS_DIR; };
		33871EAF1EC2DD9D00A884AA /* AppDelegate.swift */ = {isa = PBXFileReference; lastKnownFileType = sourcecode.swift; path = AppDelegate.swift; sourceTree = "<group>"; };
		33871EB31EC2DD9D00A884AA /* Actions.sks */ = {isa = PBXFileReference; lastKnownFileType = file.sks; path = Actions.sks; sourceTree = "<group>"; };
		33871EB51EC2DD9D00A884AA /* GameScene.swift */ = {isa = PBXFileReference; lastKnownFileType = sourcecode.swift; path = GameScene.swift; sourceTree = "<group>"; };
		33871EB71EC2DD9D00A884AA /* GameViewController.swift */ = {isa = PBXFileReference; lastKnownFileType = sourcecode.swift; path = GameViewController.swift; sourceTree = "<group>"; };
		33871EBA1EC2DD9D00A884AA /* Base */ = {isa = PBXFileReference; lastKnownFileType = file.storyboard; name = Base; path = Base.lproj/Main.storyboard; sourceTree = "<group>"; };
		33871EBC1EC2DD9D00A884AA /* Assets.xcassets */ = {isa = PBXFileReference; lastKnownFileType = folder.assetcatalog; path = Assets.xcassets; sourceTree = "<group>"; };
		33871EBF1EC2DD9D00A884AA /* Base */ = {isa = PBXFileReference; lastKnownFileType = file.storyboard; name = Base; path = Base.lproj/LaunchScreen.storyboard; sourceTree = "<group>"; };
		33871EC11EC2DD9D00A884AA /* Info.plist */ = {isa = PBXFileReference; lastKnownFileType = text.plist.xml; path = Info.plist; sourceTree = "<group>"; };
		33871EC61EC2DD9D00A884AA /* TetrisTests.xctest */ = {isa = PBXFileReference; explicitFileType = wrapper.cfbundle; includeInIndex = 0; path = TetrisTests.xctest; sourceTree = BUILT_PRODUCTS_DIR; };
		33871ECA1EC2DD9D00A884AA /* TetrisTests.swift */ = {isa = PBXFileReference; lastKnownFileType = sourcecode.swift; path = TetrisTests.swift; sourceTree = "<group>"; };
		33871ECC1EC2DD9D00A884AA /* Info.plist */ = {isa = PBXFileReference; lastKnownFileType = text.plist.xml; path = Info.plist; sourceTree = "<group>"; };
		33871ED61EC2ECD000A884AA /* bomb.mp3 */ = {isa = PBXFileReference; lastKnownFileType = audio.mp3; path = bomb.mp3; sourceTree = "<group>"; };
		33871ED71EC2ECD000A884AA /* drop.mp3 */ = {isa = PBXFileReference; lastKnownFileType = audio.mp3; path = drop.mp3; sourceTree = "<group>"; };
		33871ED81EC2ECD000A884AA /* gameover.mp3 */ = {isa = PBXFileReference; lastKnownFileType = audio.mp3; path = gameover.mp3; sourceTree = "<group>"; };
		33871ED91EC2ECD000A884AA /* levelup.mp3 */ = {isa = PBXFileReference; lastKnownFileType = audio.mp3; path = levelup.mp3; sourceTree = "<group>"; };
		33871EDA1EC2ECD000A884AA /* theme.mp3 */ = {isa = PBXFileReference; lastKnownFileType = audio.mp3; path = theme.mp3; sourceTree = "<group>"; };
		33871EE21EC2EE8100A884AA /* Sprites.atlas */ = {isa = PBXFileReference; lastKnownFileType = folder.skatlas; name = Sprites.atlas; path = Sounds/Sprites.atlas; sourceTree = "<group>"; };
		33871EE41EC3581600A884AA /* Array2D.swift */ = {isa = PBXFileReference; fileEncoding = 4; lastKnownFileType = sourcecode.swift; path = Array2D.swift; sourceTree = "<group>"; };
		33871EE61EC3FE7F00A884AA /* Block.swift */ = {isa = PBXFileReference; fileEncoding = 4; lastKnownFileType = sourcecode.swift; path = Block.swift; sourceTree = "<group>"; };
		33871EE81EC40C3D00A884AA /* Shape.swift */ = {isa = PBXFileReference; fileEncoding = 4; lastKnownFileType = sourcecode.swift; path = Shape.swift; sourceTree = "<group>"; };
		33871EEA1EC440A300A884AA /* SquareShape.swift */ = {isa = PBXFileReference; fileEncoding = 4; lastKnownFileType = sourcecode.swift; path = SquareShape.swift; sourceTree = "<group>"; };
		33871EEC1EC44D4200A884AA /* TShape.swift */ = {isa = PBXFileReference; fileEncoding = 4; lastKnownFileType = sourcecode.swift; path = TShape.swift; sourceTree = "<group>"; };
		33871EEE1EC4567600A884AA /* LineShape.swift */ = {isa = PBXFileReference; fileEncoding = 4; lastKnownFileType = sourcecode.swift; path = LineShape.swift; sourceTree = "<group>"; };
		33871EF01EC459D900A884AA /* LShape.swift */ = {isa = PBXFileReference; fileEncoding = 4; lastKnownFileType = sourcecode.swift; path = LShape.swift; sourceTree = "<group>"; };
		33871EF21EC45DA600A884AA /* JShape.swift */ = {isa = PBXFileReference; fileEncoding = 4; lastKnownFileType = sourcecode.swift; path = JShape.swift; sourceTree = "<group>"; };
		33871EF41EC4613A00A884AA /* ZShape.swift */ = {isa = PBXFileReference; fileEncoding = 4; lastKnownFileType = sourcecode.swift; path = ZShape.swift; sourceTree = "<group>"; };
		33871EF61EC4616800A884AA /* SShape.swift */ = {isa = PBXFileReference; fileEncoding = 4; lastKnownFileType = sourcecode.swift; path = SShape.swift; sourceTree = "<group>"; };
		33871EF81EC4B1E600A884AA /* Swiftris.swift */ = {isa = PBXFileReference; fileEncoding = 4; lastKnownFileType = sourcecode.swift; path = Swiftris.swift; sourceTree = "<group>"; };
/* End PBXFileReference section */

/* Begin PBXFrameworksBuildPhase section */
		33871EA91EC2DD9D00A884AA /* Frameworks */ = {
			isa = PBXFrameworksBuildPhase;
			buildActionMask = 2147483647;
			files = (
			);
			runOnlyForDeploymentPostprocessing = 0;
		};
		33871EC31EC2DD9D00A884AA /* Frameworks */ = {
			isa = PBXFrameworksBuildPhase;
			buildActionMask = 2147483647;
			files = (
			);
			runOnlyForDeploymentPostprocessing = 0;
		};
/* End PBXFrameworksBuildPhase section */

/* Begin PBXGroup section */
		33871EA31EC2DD9D00A884AA = {
			isa = PBXGroup;
			children = (
				33871EAE1EC2DD9D00A884AA /* Tetris */,
				33871EC91EC2DD9D00A884AA /* TetrisTests */,
				33871EAD1EC2DD9D00A884AA /* Products */,
				33871EE21EC2EE8100A884AA /* Sprites.atlas */,
				33871ED51EC2ECD000A884AA /* Sounds */,
			);
			sourceTree = "<group>";
		};
		33871EAD1EC2DD9D00A884AA /* Products */ = {
			isa = PBXGroup;
			children = (
				33871EAC1EC2DD9D00A884AA /* Tetris.app */,
				33871EC61EC2DD9D00A884AA /* TetrisTests.xctest */,
			);
			name = Products;
			sourceTree = "<group>";
		};
		33871EAE1EC2DD9D00A884AA /* Tetris */ = {
			isa = PBXGroup;
			children = (
				33871EAF1EC2DD9D00A884AA /* AppDelegate.swift */,
				33871EB31EC2DD9D00A884AA /* Actions.sks */,
				33871EB51EC2DD9D00A884AA /* GameScene.swift */,
				33871EB71EC2DD9D00A884AA /* GameViewController.swift */,
				33871EB91EC2DD9D00A884AA /* Main.storyboard */,
				33871EBC1EC2DD9D00A884AA /* Assets.xcassets */,
				33871EBE1EC2DD9D00A884AA /* LaunchScreen.storyboard */,
				33871EC11EC2DD9D00A884AA /* Info.plist */,
				33871EE41EC3581600A884AA /* Array2D.swift */,
				33871EE61EC3FE7F00A884AA /* Block.swift */,
				33871EE81EC40C3D00A884AA /* Shape.swift */,
				33871EEA1EC440A300A884AA /* SquareShape.swift */,
				33871EEC1EC44D4200A884AA /* TShape.swift */,
				33871EEE1EC4567600A884AA /* LineShape.swift */,
				33871EF81EC4B1E600A884AA /* Swiftris.swift */,
				33871EF01EC459D900A884AA /* LShape.swift */,
				33871EF21EC45DA600A884AA /* JShape.swift */,
				33871EF41EC4613A00A884AA /* ZShape.swift */,
				33871EF61EC4616800A884AA /* SShape.swift */,
			);
			path = Tetris;
			sourceTree = "<group>";
		};
		33871EC91EC2DD9D00A884AA /* TetrisTests */ = {
			isa = PBXGroup;
			children = (
				33871ECA1EC2DD9D00A884AA /* TetrisTests.swift */,
				33871ECC1EC2DD9D00A884AA /* Info.plist */,
			);
			path = TetrisTests;
			sourceTree = "<group>";
		};
		33871ED51EC2ECD000A884AA /* Sounds */ = {
			isa = PBXGroup;
			children = (
				33871ED61EC2ECD000A884AA /* bomb.mp3 */,
				33871ED71EC2ECD000A884AA /* drop.mp3 */,
				33871ED81EC2ECD000A884AA /* gameover.mp3 */,
				33871ED91EC2ECD000A884AA /* levelup.mp3 */,
				33871EDA1EC2ECD000A884AA /* theme.mp3 */,
			);
			path = Sounds;
			sourceTree = "<group>";
		};
/* End PBXGroup section */

/* Begin PBXNativeTarget section */
		33871EAB1EC2DD9D00A884AA /* Tetris */ = {
			isa = PBXNativeTarget;
			buildConfigurationList = 33871ECF1EC2DD9D00A884AA /* Build configuration list for PBXNativeTarget "Tetris" */;
			buildPhases = (
				33871EA81EC2DD9D00A884AA /* Sources */,
				33871EA91EC2DD9D00A884AA /* Frameworks */,
				33871EAA1EC2DD9D00A884AA /* Resources */,
			);
			buildRules = (
			);
			dependencies = (
			);
			name = Tetris;
			productName = Tetris;
			productReference = 33871EAC1EC2DD9D00A884AA /* Tetris.app */;
			productType = "com.apple.product-type.application";
		};
		33871EC51EC2DD9D00A884AA /* TetrisTests */ = {
			isa = PBXNativeTarget;
			buildConfigurationList = 33871ED21EC2DD9D00A884AA /* Build configuration list for PBXNativeTarget "TetrisTests" */;
			buildPhases = (
				33871EC21EC2DD9D00A884AA /* Sources */,
				33871EC31EC2DD9D00A884AA /* Frameworks */,
				33871EC41EC2DD9D00A884AA /* Resources */,
			);
			buildRules = (
			);
			dependencies = (
				33871EC81EC2DD9D00A884AA /* PBXTargetDependency */,
			);
			name = TetrisTests;
			productName = TetrisTests;
			productReference = 33871EC61EC2DD9D00A884AA /* TetrisTests.xctest */;
			productType = "com.apple.product-type.bundle.unit-test";
		};
/* End PBXNativeTarget section */

/* Begin PBXProject section */
		33871EA41EC2DD9D00A884AA /* Project object */ = {
			isa = PBXProject;
			attributes = {
				LastSwiftUpdateCheck = 0830;
				LastUpgradeCheck = 0830;
				ORGANIZATIONNAME = buyan;
				TargetAttributes = {
					33871EAB1EC2DD9D00A884AA = {
						CreatedOnToolsVersion = 8.3.2;
						DevelopmentTeam = 59RZYG3D4T;
						ProvisioningStyle = Automatic;
					};
					33871EC51EC2DD9D00A884AA = {
						CreatedOnToolsVersion = 8.3.2;
						DevelopmentTeam = 59RZYG3D4T;
						ProvisioningStyle = Automatic;
						TestTargetID = 33871EAB1EC2DD9D00A884AA;
					};
				};
			};
			buildConfigurationList = 33871EA71EC2DD9D00A884AA /* Build configuration list for PBXProject "Tetris" */;
			compatibilityVersion = "Xcode 3.2";
			developmentRegion = English;
			hasScannedForEncodings = 0;
			knownRegions = (
				en,
				Base,
			);
			mainGroup = 33871EA31EC2DD9D00A884AA;
			productRefGroup = 33871EAD1EC2DD9D00A884AA /* Products */;
			projectDirPath = "";
			projectRoot = "";
			targets = (
				33871EAB1EC2DD9D00A884AA /* Tetris */,
				33871EC51EC2DD9D00A884AA /* TetrisTests */,
			);
		};
/* End PBXProject section */

/* Begin PBXResourcesBuildPhase section */
		33871EAA1EC2DD9D00A884AA /* Resources */ = {
			isa = PBXResourcesBuildPhase;
			buildActionMask = 2147483647;
			files = (
				33871EDD1EC2ECD000A884AA /* gameover.mp3 in Resources */,
				33871EBB1EC2DD9D00A884AA /* Main.storyboard in Resources */,
				33871EDB1EC2ECD000A884AA /* bomb.mp3 in Resources */,
				33871EBD1EC2DD9D00A884AA /* Assets.xcassets in Resources */,
				33871EE31EC2EE8100A884AA /* Sprites.atlas in Resources */,
				33871EC01EC2DD9D00A884AA /* LaunchScreen.storyboard in Resources */,
				33871EB41EC2DD9D00A884AA /* Actions.sks in Resources */,
				33871EDE1EC2ECD000A884AA /* levelup.mp3 in Resources */,
				33871EDC1EC2ECD000A884AA /* drop.mp3 in Resources */,
				33871EDF1EC2ECD000A884AA /* theme.mp3 in Resources */,
			);
			runOnlyForDeploymentPostprocessing = 0;
		};
		33871EC41EC2DD9D00A884AA /* Resources */ = {
			isa = PBXResourcesBuildPhase;
			buildActionMask = 2147483647;
			files = (
			);
			runOnlyForDeploymentPostprocessing = 0;
		};
/* End PBXResourcesBuildPhase section */

/* Begin PBXSourcesBuildPhase section */
		33871EA81EC2DD9D00A884AA /* Sources */ = {
			isa = PBXSourcesBuildPhase;
			buildActionMask = 2147483647;
			files = (
				33871EF11EC459D900A884AA /* LShape.swift in Sources */,
				33871EEB1EC440A300A884AA /* SquareShape.swift in Sources */,
				33871EB61EC2DD9D00A884AA /* GameScene.swift in Sources */,
				33871EF31EC45DA600A884AA /* JShape.swift in Sources */,
				33871EF91EC4B1E600A884AA /* Swiftris.swift in Sources */,
				33871EF71EC4616800A884AA /* SShape.swift in Sources */,
				33871EE91EC40C3D00A884AA /* Shape.swift in Sources */,
				33871EE51EC3581600A884AA /* Array2D.swift in Sources */,
				33871EF51EC4613A00A884AA /* ZShape.swift in Sources */,
				33871EEF1EC4567600A884AA /* LineShape.swift in Sources */,
				33871EED1EC44D4200A884AA /* TShape.swift in Sources */,
				33871EE71EC3FE7F00A884AA /* Block.swift in Sources */,
				33871EB81EC2DD9D00A884AA /* GameViewController.swift in Sources */,
				33871EB01EC2DD9D00A884AA /* AppDelegate.swift in Sources */,
			);
			runOnlyForDeploymentPostprocessing = 0;
		};
		33871EC21EC2DD9D00A884AA /* Sources */ = {
			isa = PBXSourcesBuildPhase;
			buildActionMask = 2147483647;
			files = (
				33871ECB1EC2DD9D00A884AA /* TetrisTests.swift in Sources */,
			);
			runOnlyForDeploymentPostprocessing = 0;
		};
/* End PBXSourcesBuildPhase section */

/* Begin PBXTargetDependency section */
		33871EC81EC2DD9D00A884AA /* PBXTargetDependency */ = {
			isa = PBXTargetDependency;
			target = 33871EAB1EC2DD9D00A884AA /* Tetris */;
			targetProxy = 33871EC71EC2DD9D00A884AA /* PBXContainerItemProxy */;
		};
/* End PBXTargetDependency section */

/* Begin PBXVariantGroup section */
		33871EB91EC2DD9D00A884AA /* Main.storyboard */ = {
			isa = PBXVariantGroup;
			children = (
				33871EBA1EC2DD9D00A884AA /* Base */,
			);
			name = Main.storyboard;
			sourceTree = "<group>";
		};
		33871EBE1EC2DD9D00A884AA /* LaunchScreen.storyboard */ = {
			isa = PBXVariantGroup;
			children = (
				33871EBF1EC2DD9D00A884AA /* Base */,
			);
			name = LaunchScreen.storyboard;
			sourceTree = "<group>";
		};
/* End PBXVariantGroup section */

/* Begin XCBuildConfiguration section */
		33871ECD1EC2DD9D00A884AA /* Debug */ = {
			isa = XCBuildConfiguration;
			buildSettings = {
				ALWAYS_SEARCH_USER_PATHS = NO;
				CLANG_ANALYZER_NONNULL = YES;
				CLANG_ANALYZER_NUMBER_OBJECT_CONVERSION = YES_AGGRESSIVE;
				CLANG_CXX_LANGUAGE_STANDARD = "gnu++0x";
				CLANG_CXX_LIBRARY = "libc++";
				CLANG_ENABLE_MODULES = YES;
				CLANG_ENABLE_OBJC_ARC = YES;
				CLANG_WARN_BOOL_CONVERSION = YES;
				CLANG_WARN_CONSTANT_CONVERSION = YES;
				CLANG_WARN_DIRECT_OBJC_ISA_USAGE = YES_ERROR;
				CLANG_WARN_DOCUMENTATION_COMMENTS = YES;
				CLANG_WARN_EMPTY_BODY = YES;
				CLANG_WARN_ENUM_CONVERSION = YES;
				CLANG_WARN_INFINITE_RECURSION = YES;
				CLANG_WARN_INT_CONVERSION = YES;
				CLANG_WARN_OBJC_ROOT_CLASS = YES_ERROR;
				CLANG_WARN_SUSPICIOUS_MOVE = YES;
				CLANG_WARN_UNREACHABLE_CODE = YES;
				CLANG_WARN__DUPLICATE_METHOD_MATCH = YES;
				"CODE_SIGN_IDENTITY[sdk=iphoneos*]" = "iPhone Developer";
				COPY_PHASE_STRIP = NO;
				DEBUG_INFORMATION_FORMAT = dwarf;
				ENABLE_STRICT_OBJC_MSGSEND = YES;
				ENABLE_TESTABILITY = YES;
				GCC_C_LANGUAGE_STANDARD = gnu99;
				GCC_DYNAMIC_NO_PIC = NO;
				GCC_NO_COMMON_BLOCKS = YES;
				GCC_OPTIMIZATION_LEVEL = 0;
				GCC_PREPROCESSOR_DEFINITIONS = (
					"DEBUG=1",
					"$(inherited)",
				);
				GCC_WARN_64_TO_32_BIT_CONVERSION = YES;
				GCC_WARN_ABOUT_RETURN_TYPE = YES_ERROR;
				GCC_WARN_UNDECLARED_SELECTOR = YES;
				GCC_WARN_UNINITIALIZED_AUTOS = YES_AGGRESSIVE;
				GCC_WARN_UNUSED_FUNCTION = YES;
				GCC_WARN_UNUSED_VARIABLE = YES;
				IPHONEOS_DEPLOYMENT_TARGET = 10.3;
				MTL_ENABLE_DEBUG_INFO = YES;
				ONLY_ACTIVE_ARCH = YES;
				SDKROOT = iphoneos;
				SWIFT_ACTIVE_COMPILATION_CONDITIONS = DEBUG;
				SWIFT_OPTIMIZATION_LEVEL = "-Onone";
				TARGETED_DEVICE_FAMILY = "1,2";
			};
			name = Debug;
		};
		33871ECE1EC2DD9D00A884AA /* Release */ = {
			isa = XCBuildConfiguration;
			buildSettings = {
				ALWAYS_SEARCH_USER_PATHS = NO;
				CLANG_ANALYZER_NONNULL = YES;
				CLANG_ANALYZER_NUMBER_OBJECT_CONVERSION = YES_AGGRESSIVE;
				CLANG_CXX_LANGUAGE_STANDARD = "gnu++0x";
				CLANG_CXX_LIBRARY = "libc++";
				CLANG_ENABLE_MODULES = YES;
				CLANG_ENABLE_OBJC_ARC = YES;
				CLANG_WARN_BOOL_CONVERSION = YES;
				CLANG_WARN_CONSTANT_CONVERSION = YES;
				CLANG_WARN_DIRECT_OBJC_ISA_USAGE = YES_ERROR;
				CLANG_WARN_DOCUMENTATION_COMMENTS = YES;
				CLANG_WARN_EMPTY_BODY = YES;
				CLANG_WARN_ENUM_CONVERSION = YES;
				CLANG_WARN_INFINITE_RECURSION = YES;
				CLANG_WARN_INT_CONVERSION = YES;
				CLANG_WARN_OBJC_ROOT_CLASS = YES_ERROR;
				CLANG_WARN_SUSPICIOUS_MOVE = YES;
				CLANG_WARN_UNREACHABLE_CODE = YES;
				CLANG_WARN__DUPLICATE_METHOD_MATCH = YES;
				"CODE_SIGN_IDENTITY[sdk=iphoneos*]" = "iPhone Developer";
				COPY_PHASE_STRIP = NO;
				DEBUG_INFORMATION_FORMAT = "dwarf-with-dsym";
				ENABLE_NS_ASSERTIONS = NO;
				ENABLE_STRICT_OBJC_MSGSEND = YES;
				GCC_C_LANGUAGE_STANDARD = gnu99;
				GCC_NO_COMMON_BLOCKS = YES;
				GCC_WARN_64_TO_32_BIT_CONVERSION = YES;
				GCC_WARN_ABOUT_RETURN_TYPE = YES_ERROR;
				GCC_WARN_UNDECLARED_SELECTOR = YES;
				GCC_WARN_UNINITIALIZED_AUTOS = YES_AGGRESSIVE;
				GCC_WARN_UNUSED_FUNCTION = YES;
				GCC_WARN_UNUSED_VARIABLE = YES;
				IPHONEOS_DEPLOYMENT_TARGET = 10.3;
				MTL_ENABLE_DEBUG_INFO = NO;
				SDKROOT = iphoneos;
				SWIFT_OPTIMIZATION_LEVEL = "-Owholemodule";
				TARGETED_DEVICE_FAMILY = "1,2";
				VALIDATE_PRODUCT = YES;
			};
			name = Release;
		};
		33871ED01EC2DD9D00A884AA /* Debug */ = {
			isa = XCBuildConfiguration;
			buildSettings = {
				ASSETCATALOG_COMPILER_APPICON_NAME = AppIcon;
				DEVELOPMENT_TEAM = 59RZYG3D4T;
				INFOPLIST_FILE = Tetris/Info.plist;
				LD_RUNPATH_SEARCH_PATHS = "$(inherited) @executable_path/Frameworks";
				PRODUCT_BUNDLE_IDENTIFIER = com.example.Tetris;
				PRODUCT_NAME = "$(TARGET_NAME)";
				SWIFT_VERSION = 3.0;
				TARGETED_DEVICE_FAMILY = "1,2";
			};
			name = Debug;
		};
		33871ED11EC2DD9D00A884AA /* Release */ = {
			isa = XCBuildConfiguration;
			buildSettings = {
				ASSETCATALOG_COMPILER_APPICON_NAME = AppIcon;
				DEVELOPMENT_TEAM = 59RZYG3D4T;
				INFOPLIST_FILE = Tetris/Info.plist;
				LD_RUNPATH_SEARCH_PATHS = "$(inherited) @executable_path/Frameworks";
				PRODUCT_BUNDLE_IDENTIFIER = com.example.Tetris;
				PRODUCT_NAME = "$(TARGET_NAME)";
				SWIFT_VERSION = 3.0;
				TARGETED_DEVICE_FAMILY = "1,2";
			};
			name = Release;
		};
		33871ED31EC2DD9D00A884AA /* Debug */ = {
			isa = XCBuildConfiguration;
			buildSettings = {
				ALWAYS_EMBED_SWIFT_STANDARD_LIBRARIES = YES;
				BUNDLE_LOADER = "$(TEST_HOST)";
				DEVELOPMENT_TEAM = 59RZYG3D4T;
				INFOPLIST_FILE = TetrisTests/Info.plist;
				LD_RUNPATH_SEARCH_PATHS = "$(inherited) @executable_path/Frameworks @loader_path/Frameworks";
				PRODUCT_BUNDLE_IDENTIFIER = com.example.TetrisTests;
				PRODUCT_NAME = "$(TARGET_NAME)";
				SWIFT_VERSION = 3.0;
				TEST_HOST = "$(BUILT_PRODUCTS_DIR)/Tetris.app/Tetris";
			};
			name = Debug;
		};
		33871ED41EC2DD9D00A884AA /* Release */ = {
			isa = XCBuildConfiguration;
			buildSettings = {
				ALWAYS_EMBED_SWIFT_STANDARD_LIBRARIES = YES;
				BUNDLE_LOADER = "$(TEST_HOST)";
				DEVELOPMENT_TEAM = 59RZYG3D4T;
				INFOPLIST_FILE = TetrisTests/Info.plist;
				LD_RUNPATH_SEARCH_PATHS = "$(inherited) @executable_path/Frameworks @loader_path/Frameworks";
				PRODUCT_BUNDLE_IDENTIFIER = com.example.TetrisTests;
				PRODUCT_NAME = "$(TARGET_NAME)";
				SWIFT_VERSION = 3.0;
				TEST_HOST = "$(BUILT_PRODUCTS_DIR)/Tetris.app/Tetris";
			};
			name = Release;
		};
/* End XCBuildConfiguration section */

/* Begin XCConfigurationList section */
		33871EA71EC2DD9D00A884AA /* Build configuration list for PBXProject "Tetris" */ = {
			isa = XCConfigurationList;
			buildConfigurations = (
				33871ECD1EC2DD9D00A884AA /* Debug */,
				33871ECE1EC2DD9D00A884AA /* Release */,
			);
			defaultConfigurationIsVisible = 0;
			defaultConfigurationName = Release;
		};
		33871ECF1EC2DD9D00A884AA /* Build configuration list for PBXNativeTarget "Tetris" */ = {
			isa = XCConfigurationList;
			buildConfigurations = (
				33871ED01EC2DD9D00A884AA /* Debug */,
				33871ED11EC2DD9D00A884AA /* Release */,
			);
			defaultConfigurationIsVisible = 0;
		};
		33871ED21EC2DD9D00A884AA /* Build configuration list for PBXNativeTarget "TetrisTests" */ = {
			isa = XCConfigurationList;
			buildConfigurations = (
				33871ED31EC2DD9D00A884AA /* Debug */,
				33871ED41EC2DD9D00A884AA /* Release */,
			);
			defaultConfigurationIsVisible = 0;
		};
/* End XCConfigurationList section */
	};
	rootObject = 33871EA41EC2DD9D00A884AA /* Project object */;
}
